
Microsoft Visual Studio Solution File, Format Version 12.00
# Visual Studio Version 17
VisualStudioVersion = 17.5.33516.290
MinimumVisualStudioVersion = 10.0.40219.1
Project("{FAE04EC0-301F-11D3-BF4B-00C04F79EFBC}") = "Memtest", "Memtest.csproj", "{DB7052A0-BC21-4088-858F-16350191D690}"
EndProject
Global
	GlobalSection(SolutionConfigurationPlatforms) = preSolution
		Debug|Any CPU = Debug|Any CPU
		Release|Any CPU = Release|Any CPU
	EndGlobalSection
	GlobalSection(ProjectConfigurationPlatforms) = postSolution
		{DB7052A0-BC21-4088-858F-16350191D690}.Debug|Any CPU.ActiveCfg = Debug|Any CPU
		{DB7052A0-BC21-4088-858F-16350191D690}.Debug|Any CPU.Build.0 = Debug|Any CPU
		{DB7052A0-BC21-4088-858F-16350191D690}.Release|Any CPU.ActiveCfg = Release|Any CPU
		{DB7052A0-BC21-4088-858F-16350191D690}.Release|Any CPU.Build.0 = Release|Any CPU
	EndGlobalSection
	GlobalSection(SolutionProperties) = preSolution
		HideSolutionNode = FALSE
	EndGlobalSection
	GlobalSection(ExtensibilityGlobals) = postSolution
		SolutionGuid = {362A9EFA-D84F-476A-9FF0-01E3D05C8F55}
	EndGlobalSection
EndGlobal
